
Microsoft Visual Studio Solution File, Format Version 12.00
# Visual Studio 14
VisualStudioVersion = 14.0.25420.1
MinimumVisualStudioVersion = 10.0.40219.1
Project("{2150E333-8FDC-42A3-9474-1A3956D46DE8}") = "MetroDirecte", "MetroDirecte", "{D94FE520-BA78-4AAF-84A7-F28012550CFD}"
EndProject
Project("{D954291E-2A0B-460D-934E-DC6B0785DB48}") = "MetroDirecte.Shared", "MetroDirecte\MetroDirecte.Shared\MetroDirecte.Shared.shproj", "{6BBAC623-1269-4EAD-B773-17A341EDA191}"
EndProject
Project("{FAE04EC0-301F-11D3-BF4B-00C04F79EFBC}") = "MetroDirecte.WindowsPhone", "MetroDirecte\MetroDirecte.WindowsPhone\MetroDirecte.WindowsPhone.csproj", "{121CBE0A-1755-4262-A4D9-98BFCAF9410D}"
EndProject
Project("{FAE04EC0-301F-11D3-BF4B-00C04F79EFBC}") = "MetroDirecte.Windows", "MetroDirecte\MetroDirecte.Windows\MetroDirecte.Windows.csproj", "{02F21900-2D9E-42AD-8FEE-EEA2358A9797}"
EndProject
Global
	GlobalSection(SharedMSBuildProjectFiles) = preSolution
		MetroDirecte\MetroDirecte.Shared\MetroDirecte.Shared.projitems*{02f21900-2d9e-42ad-8fee-eea2358a9797}*SharedItemsImports = 4
		MetroDirecte\MetroDirecte.Shared\MetroDirecte.Shared.projitems*{121cbe0a-1755-4262-a4d9-98bfcaf9410d}*SharedItemsImports = 4
		MetroDirecte\MetroDirecte.Shared\MetroDirecte.Shared.projitems*{6bbac623-1269-4ead-b773-17a341eda191}*SharedItemsImports = 13
	EndGlobalSection
	GlobalSection(SolutionConfigurationPlatforms) = preSolution
		Debug|Any CPU = Debug|Any CPU
		Debug|ARM = Debug|ARM
		Debug|x64 = Debug|x64
		Debug|x86 = Debug|x86
		Release|Any CPU = Release|Any CPU
		Release|ARM = Release|ARM
		Release|x64 = Release|x64
		Release|x86 = Release|x86
	EndGlobalSection
	GlobalSection(ProjectConfigurationPlatforms) = postSolution
		{121CBE0A-1755-4262-A4D9-98BFCAF9410D}.Debug|Any CPU.ActiveCfg = Debug|Any CPU
		{121CBE0A-1755-4262-A4D9-98BFCAF9410D}.Debug|Any CPU.Build.0 = Debug|Any CPU
		{121CBE0A-1755-4262-A4D9-98BFCAF9410D}.Debug|Any CPU.Deploy.0 = Debug|Any CPU
		{121CBE0A-1755-4262-A4D9-98BFCAF9410D}.Debug|ARM.ActiveCfg = Debug|ARM
		{121CBE0A-1755-4262-A4D9-98BFCAF9410D}.Debug|ARM.Build.0 = Debug|ARM
		{121CBE0A-1755-4262-A4D9-98BFCAF9410D}.Debug|ARM.Deploy.0 = Debug|ARM
		{121CBE0A-1755-4262-A4D9-98BFCAF9410D}.Debug|x64.ActiveCfg = Debug|Any CPU
		{121CBE0A-1755-4262-A4D9-98BFCAF9410D}.Debug|x64.Build.0 = Debug|Any CPU
		{121CBE0A-1755-4262-A4D9-98BFCAF9410D}.Debug|x64.Deploy.0 = Debug|Any CPU
		{121CBE0A-1755-4262-A4D9-98BFCAF9410D}.Debug|x86.ActiveCfg = Debug|x86
		{121CBE0A-1755-4262-A4D9-98BFCAF9410D}.Debug|x86.Build.0 = Debug|x86
		{121CBE0A-1755-4262-A4D9-98BFCAF9410D}.Debug|x86.Deploy.0 = Debug|x86
		{121CBE0A-1755-4262-A4D9-98BFCAF9410D}.Release|Any CPU.ActiveCfg = Release|Any CPU
		{121CBE0A-1755-4262-A4D9-98BFCAF9410D}.Release|Any CPU.Build.0 = Release|Any CPU
		{121CBE0A-1755-4262-A4D9-98BFCAF9410D}.Release|Any CPU.Deploy.0 = Release|Any CPU
		{121CBE0A-1755-4262-A4D9-98BFCAF9410D}.Release|ARM.ActiveCfg = Release|ARM
		{121CBE0A-1755-4262-A4D9-98BFCAF9410D}.Release|ARM.Build.0 = Release|ARM
		{121CBE0A-1755-4262-A4D9-98BFCAF9410D}.Release|ARM.Deploy.0 = Release|ARM
		{121CBE0A-1755-4262-A4D9-98BFCAF9410D}.Release|x64.ActiveCfg = Release|Any CPU
		{121CBE0A-1755-4262-A4D9-98BFCAF9410D}.Release|x64.Build.0 = Release|Any CPU
		{121CBE0A-1755-4262-A4D9-98BFCAF9410D}.Release|x64.Deploy.0 = Release|Any CPU
		{121CBE0A-1755-4262-A4D9-98BFCAF9410D}.Release|x86.ActiveCfg = Release|x86
		{121CBE0A-1755-4262-A4D9-98BFCAF9410D}.Release|x86.Build.0 = Release|x86
		{121CBE0A-1755-4262-A4D9-98BFCAF9410D}.Release|x86.Deploy.0 = Release|x86
		{02F21900-2D9E-42AD-8FEE-EEA2358A9797}.Debug|Any CPU.ActiveCfg = Debug|Any CPU
		{02F21900-2D9E-42AD-8FEE-EEA2358A9797}.Debug|Any CPU.Build.0 = Debug|Any CPU
		{02F21900-2D9E-42AD-8FEE-EEA2358A9797}.Debug|Any CPU.Deploy.0 = Debug|Any CPU
		{02F21900-2D9E-42AD-8FEE-EEA2358A9797}.Debug|ARM.ActiveCfg = Debug|ARM
		{02F21900-2D9E-42AD-8FEE-EEA2358A9797}.Debug|ARM.Build.0 = Debug|ARM
		{02F21900-2D9E-42AD-8FEE-EEA2358A9797}.Debug|ARM.Deploy.0 = Debug|ARM
		{02F21900-2D9E-42AD-8FEE-EEA2358A9797}.Debug|x64.ActiveCfg = Debug|x64
		{02F21900-2D9E-42AD-8FEE-EEA2358A9797}.Debug|x64.Build.0 = Debug|x64
		{02F21900-2D9E-42AD-8FEE-EEA2358A9797}.Debug|x64.Deploy.0 = Debug|x64
		{02F21900-2D9E-42AD-8FEE-EEA2358A9797}.Debug|x86.ActiveCfg = Debug|x86
		{02F21900-2D9E-42AD-8FEE-EEA2358A9797}.Debug|x86.Build.0 = Debug|x86
		{02F21900-2D9E-42AD-8FEE-EEA2358A9797}.Debug|x86.Deploy.0 = Debug|x86
		{02F21900-2D9E-42AD-8FEE-EEA2358A9797}.Release|Any CPU.ActiveCfg = Release|Any CPU
		{02F21900-2D9E-42AD-8FEE-EEA2358A9797}.Release|Any CPU.Build.0 = Release|Any CPU
		{02F21900-2D9E-42AD-8FEE-EEA2358A9797}.Release|Any CPU.Deploy.0 = Release|Any CPU
		{02F21900-2D9E-42AD-8FEE-EEA2358A9797}.Release|ARM.ActiveCfg = Release|ARM
		{02F21900-2D9E-42AD-8FEE-EEA2358A9797}.Release|ARM.Build.0 = Release|ARM
		{02F21900-2D9E-42AD-8FEE-EEA2358A9797}.Release|ARM.Deploy.0 = Release|ARM
		{02F21900-2D9E-42AD-8FEE-EEA2358A9797}.Release|x64.ActiveCfg = Release|x64
		{02F21900-2D9E-42AD-8FEE-EEA2358A9797}.Release|x64.Build.0 = Release|x64
		{02F21900-2D9E-42AD-8FEE-EEA2358A9797}.Release|x64.Deploy.0 = Release|x64
		{02F21900-2D9E-42AD-8FEE-EEA2358A9797}.Release|x86.ActiveCfg = Release|x86
		{02F21900-2D9E-42AD-8FEE-EEA2358A9797}.Release|x86.Build.0 = Release|x86
		{02F21900-2D9E-42AD-8FEE-EEA2358A9797}.Release|x86.Deploy.0 = Release|x86
	EndGlobalSection
	GlobalSection(SolutionProperties) = preSolution
		HideSolutionNode = FALSE
	EndGlobalSection
	GlobalSection(NestedProjects) = preSolution
		{6BBAC623-1269-4EAD-B773-17A341EDA191} = {D94FE520-BA78-4AAF-84A7-F28012550CFD}
		{121CBE0A-1755-4262-A4D9-98BFCAF9410D} = {D94FE520-BA78-4AAF-84A7-F28012550CFD}
		{02F21900-2D9E-42AD-8FEE-EEA2358A9797} = {D94FE520-BA78-4AAF-84A7-F28012550CFD}
	EndGlobalSection
EndGlobal
